
Microsoft Visual Studio Solution File, Format Version 12.00
# Visual Studio Version 17
VisualStudioVersion = 17.2.32516.85
MinimumVisualStudioVersion = 10.0.40219.1
Project("{9A19103F-16F7-4668-BE54-9A1E7A4F7556}") = "ElectroLib", "ElectroLib\ElectroLib.csproj", "{363ED131-8736-46E6-9728-F74B7A55CB61}"
EndProject
Global
	GlobalSection(SolutionConfigurationPlatforms) = preSolution
		Debug|Any CPU = Debug|Any CPU
		Release|Any CPU = Release|Any CPU
	EndGlobalSection
	GlobalSection(ProjectConfigurationPlatforms) = postSolution
		{363ED131-8736-46E6-9728-F74B7A55CB61}.Debug|Any CPU.ActiveCfg = Debug|Any CPU
		{363ED131-8736-46E6-9728-F74B7A55CB61}.Debug|Any CPU.Build.0 = Debug|Any CPU
		{363ED131-8736-46E6-9728-F74B7A55CB61}.Release|Any CPU.ActiveCfg = Release|Any CPU
		{363ED131-8736-46E6-9728-F74B7A55CB61}.Release|Any CPU.Build.0 = Release|Any CPU
	EndGlobalSection
	GlobalSection(SolutionProperties) = preSolution
		HideSolutionNode = FALSE
	EndGlobalSection
	GlobalSection(ExtensibilityGlobals) = postSolution
		SolutionGuid = {DE41E94F-189C-46CB-BB3D-5DCD75FFDE6E}
	EndGlobalSection
EndGlobal
